{
  "name": "nest",
  "version": "1.0.0",
  "lockfileVersion": 3,
  "requires": true,
  "packages": {
    "": {
      "name": "nest",
      "version": "1.0.0",
      "license": "ISC",
      "dependencies": {
        "guillotine-packer": "^1.0.2",
        "maxrects-packer": "^2.7.3"
      }
    },
    "node_modules/debug": {
      "version": "4.4.3",
      "resolved": "https://registry.npmjs.org/debug/-/debug-4.4.3.tgz",
      "integrity": "sha512-RGwwWnwQvkVfavKVt22FGLw+xYSdzARwm0ru6DhTVA3umU5hZc28V3kO4stgYryrTlLpuvgI9GiijltAjNbcqA==",
      "license": "MIT",
      "dependencies": {
        "ms": "^2.1.3"
      },
      "engines": {
        "node": ">=6.0"
      },
      "peerDependenciesMeta": {
        "supports-color": {
          "optional": true
        }
      }
    },
    "node_modules/guillotine-packer": {
      "version": "1.0.2",
      "resolved": "https://registry.npmjs.org/guillotine-packer/-/guillotine-packer-1.0.2.tgz",
      "integrity": "sha512-k4lNoqRRPzxH+9cdvIEkdbswpSEBreRCeYBIFTa6kLWk5TgxoV5kuNF1nILbrqkukqtLvDyQKQpS5XXt/eZgrQ==",
      "license": "MIT",
      "dependencies": {
        "debug": "^4.1.1"
      },
      "engines": {
        "node": ">=6.0.0"
      }
    },
    "node_modules/maxrects-packer": {
      "version": "2.7.3",
      "resolved": "https://registry.npmjs.org/maxrects-packer/-/maxrects-packer-2.7.3.tgz",
      "integrity": "sha512-bG6qXujJ1QgttZVIH4WDanhoJtvbud/xP/XPyf6A69C9RdA61BM4TomFALCq2nrTa+tARRIBB4LuIFsnUQU2wA==",
      "license": "MIT"
    },
    "node_modules/ms": {
      "version": "2.1.3",
      "resolved": "https://registry.npmjs.org/ms/-/ms-2.1.3.tgz",
      "integrity": "sha512-6FlzubTLZG3J2a/NVCAleEhjzq5oxgHyaCU9yYXvcLsvoVaHJq/s5xXI6/XXP6tz7R9xAOtHnSO/tXtF3WRTlA==",
      "license": "MIT"
    }
  }
}
